{
  "nodes": {
    "nixpkgs": {
      "locked": {
        "lastModified": 1758845457,
        "narHash": "sha256-13aqctceCPFO7ai9S8vcTZOKlgCHQeqhyAlzAzt20BU=",
        "owner": "NixOS",
        "repo": "nixpkgs",
        "rev": "5824aa9aa8762db1cb263040a57ca795a53efcd9",
        "type": "github"
      },
      "original": {
        "owner": "NixOS",
        "ref": "nixos-25.05-small",
        "repo": "nixpkgs",
        "type": "github"
      }
    },
    "root": {
      "inputs": {
        "nixpkgs": "nixpkgs"
      }
    }
  },
  "root": "root",
  "version": 7
}
